
Microsoft Visual Studio Solution File, Format Version 12.00
# Visual Studio Version 17
VisualStudioVersion = 17.11.35222.181
MinimumVisualStudioVersion = 10.0.40219.1
Project("{FAE04EC0-301F-11D3-BF4B-00C04F79EFBC}") = "Leccion3", "Leccion3.csproj", "{AF3879E6-EF72-4508-913F-BC7288CD67DE}"
EndProject
Global
	GlobalSection(SolutionConfigurationPlatforms) = preSolution
		Debug|Any CPU = Debug|Any CPU
		Release|Any CPU = Release|Any CPU
	EndGlobalSection
	GlobalSection(ProjectConfigurationPlatforms) = postSolution
		{AF3879E6-EF72-4508-913F-BC7288CD67DE}.Debug|Any CPU.ActiveCfg = Debug|Any CPU
		{AF3879E6-EF72-4508-913F-BC7288CD67DE}.Debug|Any CPU.Build.0 = Debug|Any CPU
		{AF3879E6-EF72-4508-913F-BC7288CD67DE}.Release|Any CPU.ActiveCfg = Release|Any CPU
		{AF3879E6-EF72-4508-913F-BC7288CD67DE}.Release|Any CPU.Build.0 = Release|Any CPU
	EndGlobalSection
	GlobalSection(SolutionProperties) = preSolution
		HideSolutionNode = FALSE
	EndGlobalSection
	GlobalSection(ExtensibilityGlobals) = postSolution
		SolutionGuid = {5441D9D2-C4FD-4832-A184-43E443642911}
	EndGlobalSection
EndGlobal
